
Microsoft Visual Studio Solution File, Format Version 12.00
# Visual Studio Version 17
VisualStudioVersion = 17.0.31903.59
MinimumVisualStudioVersion = 15.0.26124.0
Project("{9A19103F-16F7-4668-BE54-9A1E7A4F7556}") = "Sylvan.Data.Excel", "Sylvan.Data.Excel\Sylvan.Data.Excel.csproj", "{7ADB46FE-518A-4F2E-97E6-8F8CCAB7E304}"
EndProject
Project("{9A19103F-16F7-4668-BE54-9A1E7A4F7556}") = "Sylvan.Data.Excel.Tests", "Sylvan.Data.Excel.Tests\Sylvan.Data.Excel.Tests.csproj", "{0CB68FC6-6384-4E52-B900-22AEBEA0CCF6}"
EndProject
Project("{2150E333-8FDC-42A3-9474-1A3956D46DE8}") = "Documentation", "Documentation", "{515E9519-9779-41B9-AEAE-F17DA70EFB1B}"
	ProjectSection(SolutionItems) = preProject
		..\license.txt = ..\license.txt
		..\readme.md = ..\readme.md
		..\docs\Reference.md = ..\docs\Reference.md
		..\docs\ReleaseNotes.md = ..\docs\ReleaseNotes.md
		..\docs\Schema.md = ..\docs\Schema.md
	EndProjectSection
EndProject
Project("{2150E333-8FDC-42A3-9474-1A3956D46DE8}") = "Build", "Build", "{77F0BAEB-4FFF-4F3A-905B-4F395ACA7B36}"
	ProjectSection(SolutionItems) = preProject
		..\.editorconfig = ..\.editorconfig
		..\Directory.Build.props = ..\Directory.Build.props
		..\Directory.Build.targets = ..\Directory.Build.targets
		..\.github\workflows\dotnet.yml = ..\.github\workflows\dotnet.yml
	EndProjectSection
EndProject
Global
	GlobalSection(SolutionConfigurationPlatforms) = preSolution
		Debug|Any CPU = Debug|Any CPU
		Debug|x64 = Debug|x64
		Debug|x86 = Debug|x86
		Release|Any CPU = Release|Any CPU
		Release|x64 = Release|x64
		Release|x86 = Release|x86
	EndGlobalSection
	GlobalSection(ProjectConfigurationPlatforms) = postSolution
		{7ADB46FE-518A-4F2E-97E6-8F8CCAB7E304}.Debug|Any CPU.ActiveCfg = Debug|Any CPU
		{7ADB46FE-518A-4F2E-97E6-8F8CCAB7E304}.Debug|Any CPU.Build.0 = Debug|Any CPU
		{7ADB46FE-518A-4F2E-97E6-8F8CCAB7E304}.Debug|x64.ActiveCfg = Debug|Any CPU
		{7ADB46FE-518A-4F2E-97E6-8F8CCAB7E304}.Debug|x64.Build.0 = Debug|Any CPU
		{7ADB46FE-518A-4F2E-97E6-8F8CCAB7E304}.Debug|x86.ActiveCfg = Debug|Any CPU
		{7ADB46FE-518A-4F2E-97E6-8F8CCAB7E304}.Debug|x86.Build.0 = Debug|Any CPU
		{7ADB46FE-518A-4F2E-97E6-8F8CCAB7E304}.Release|Any CPU.ActiveCfg = Release|Any CPU
		{7ADB46FE-518A-4F2E-97E6-8F8CCAB7E304}.Release|Any CPU.Build.0 = Release|Any CPU
		{7ADB46FE-518A-4F2E-97E6-8F8CCAB7E304}.Release|x64.ActiveCfg = Release|Any CPU
		{7ADB46FE-518A-4F2E-97E6-8F8CCAB7E304}.Release|x64.Build.0 = Release|Any CPU
		{7ADB46FE-518A-4F2E-97E6-8F8CCAB7E304}.Release|x86.ActiveCfg = Release|Any CPU
		{7ADB46FE-518A-4F2E-97E6-8F8CCAB7E304}.Release|x86.Build.0 = Release|Any CPU
		{0CB68FC6-6384-4E52-B900-22AEBEA0CCF6}.Debug|Any CPU.ActiveCfg = Debug|Any CPU
		{0CB68FC6-6384-4E52-B900-22AEBEA0CCF6}.Debug|Any CPU.Build.0 = Debug|Any CPU
		{0CB68FC6-6384-4E52-B900-22AEBEA0CCF6}.Debug|x64.ActiveCfg = Debug|Any CPU
		{0CB68FC6-6384-4E52-B900-22AEBEA0CCF6}.Debug|x64.Build.0 = Debug|Any CPU
		{0CB68FC6-6384-4E52-B900-22AEBEA0CCF6}.Debug|x86.ActiveCfg = Debug|Any CPU
		{0CB68FC6-6384-4E52-B900-22AEBEA0CCF6}.Debug|x86.Build.0 = Debug|Any CPU
		{0CB68FC6-6384-4E52-B900-22AEBEA0CCF6}.Release|Any CPU.ActiveCfg = Release|Any CPU
		{0CB68FC6-6384-4E52-B900-22AEBEA0CCF6}.Release|Any CPU.Build.0 = Release|Any CPU
		{0CB68FC6-6384-4E52-B900-22AEBEA0CCF6}.Release|x64.ActiveCfg = Release|Any CPU
		{0CB68FC6-6384-4E52-B900-22AEBEA0CCF6}.Release|x64.Build.0 = Release|Any CPU
		{0CB68FC6-6384-4E52-B900-22AEBEA0CCF6}.Release|x86.ActiveCfg = Release|Any CPU
		{0CB68FC6-6384-4E52-B900-22AEBEA0CCF6}.Release|x86.Build.0 = Release|Any CPU
	EndGlobalSection
	GlobalSection(SolutionProperties) = preSolution
		HideSolutionNode = FALSE
	EndGlobalSection
	GlobalSection(ExtensibilityGlobals) = postSolution
		SolutionGuid = {7C45D400-EB12-4AA5-8742-8BEDC3DD472F}
	EndGlobalSection
EndGlobal
